<?xml version="1.0" encoding="utf-8"?>
<Project ToolsVersion="4.0" xmlns="http://schemas.microsoft.com/developer/msbuild/2003">
  <ItemGroup>
    <Filter Include="Fichiers sources">
      <UniqueIdentifier>{4FC737F1-C7A5-4376-A066-2A32D752A2FF}</UniqueIdentifier>
      <Extensions>cpp;c;cc;cxx;def;odl;idl;hpj;bat;asm;asmx</Extensions>
    </Filter>
    <Filter Include="Fichiers d%27en-tête">
      <UniqueIdentifier>{93995380-89BD-4b04-88EB-625FBE52EBFB}</UniqueIdentifier>
      <Extensions>h;hh;hpp;hxx;hm;inl;inc;xsd</Extensions>
    </Filter>
    <Filter Include="Fichiers de ressources">
      <UniqueIdentifier>{67DA6AB6-F800-4c08-8B7A-83BB121AAD01}</UniqueIdentifier>
      <Extensions>rc;ico;cur;bmp;dlg;rc2;rct;bin;rgs;gif;jpg;jpeg;jpe;resx;tiff;tif;png;wav;mfcribbon-ms</Extensions>
    </Filter>
    <Filter Include="asn">
      <UniqueIdentifier>{3a24de01-3753-4af1-bc2f-b4b6b2a74c99}</UniqueIdentifier>
    </Filter>
    <Filter Include="csn">
      <UniqueIdentifier>{02b1c3d3-b171-4332-9c9d-c2107e8fbebd}</UniqueIdentifier>
    </Filter>
  </ItemGroup>
  <ItemGroup>
    <Text Include="ReadMe.txt" />
  </ItemGroup>
  <ItemGroup>
    <ClInclude Include="stdafx.h">
      <Filter>Fichiers d%27en-tête</Filter>
    </ClInclude>
    <ClInclude Include="targetver.h">
      <Filter>Fichiers d%27en-tête</Filter>
    </ClInclude>
    <ClInclude Include="csn\iso8823_presentation.h">
      <Filter>csn</Filter>
    </ClInclude>
    <ClInclude Include="csn\reliable_transfer_apdu.h">
      <Filter>csn</Filter>
    </ClInclude>
    <ClInclude Include="csn\remote_operations_generic_ros_pdus.h">
      <Filter>csn</Filter>
    </ClInclude>
    <ClInclude Include="csn\remote_operations_information_objects.h">
      <Filter>csn</Filter>
    </ClInclude>
    <ClInclude Include="csn\remote_operations_useful_definitions.h">
      <Filter>csn</Filter>
    </ClInclude>
  </ItemGroup>
  <ItemGroup>
    <ClCompile Include="stdafx.cpp">
      <Filter>Fichiers sources</Filter>
    </ClCompile>
    <ClCompile Include="dllmain.cpp">
      <Filter>Fichiers sources</Filter>
    </ClCompile>
    <ClCompile Include="csn\iso8823_presentation.cxx">
      <Filter>csn</Filter>
    </ClCompile>
    <ClCompile Include="csn\reliable_transfer_apdu.cxx">
      <Filter>csn</Filter>
    </ClCompile>
    <ClCompile Include="csn\remote_operations_generic_ros_pdus.cxx">
      <Filter>csn</Filter>
    </ClCompile>
    <ClCompile Include="csn\remote_operations_information_objects.cxx">
      <Filter>csn</Filter>
    </ClCompile>
    <ClCompile Include="csn\remote_operations_useful_definitions.cxx">
      <Filter>csn</Filter>
    </ClCompile>
  </ItemGroup>
  <ItemGroup>
    <None Include="..\..\ISO.ITU.OSI\cpp\src\iso\itu\osi\asn1\asn\Reliable-Transfer-APDU.asn">
      <Filter>asn</Filter>
    </None>
    <None Include="..\..\ISO.ITU.OSI\cpp\src\iso\itu\osi\asn1\asn\Remote-Operations-Abstract-Syntaxes.asn">
      <Filter>asn</Filter>
    </None>
    <None Include="..\..\ISO.ITU.OSI\cpp\src\iso\itu\osi\asn1\asn\Remote-Operations-Generic-ROS-PDUs.asn">
      <Filter>asn</Filter>
    </None>
    <None Include="..\..\ISO.ITU.OSI\cpp\src\iso\itu\osi\asn1\asn\Remote-Operations-Information-Objects.asn">
      <Filter>asn</Filter>
    </None>
    <None Include="..\..\ISO.ITU.OSI\cpp\src\iso\itu\osi\asn1\asn\Remote-Operations-Information-Objects-extensions.asn">
      <Filter>asn</Filter>
    </None>
    <None Include="..\..\ISO.ITU.OSI\cpp\src\iso\itu\osi\asn1\asn\Remote-Operations-Realizations.asn">
      <Filter>asn</Filter>
    </None>
    <None Include="..\..\ISO.ITU.OSI\cpp\src\iso\itu\osi\asn1\asn\Remote-Operations-Useful-Definitions.asn">
      <Filter>asn</Filter>
    </None>
    <None Include="..\..\ISO.ITU.OSI\cpp\src\iso\itu\osi\asn1\asn\SelectedAttributeTypes.asn">
      <Filter>asn</Filter>
    </None>
    <None Include="..\..\ISO.ITU.OSI\cpp\src\iso\itu\osi\asn1\asn\UpperBounds.asn">
      <Filter>asn</Filter>
    </None>
    <None Include="..\..\ISO.ITU.OSI\cpp\src\iso\itu\osi\asn1\asn\UsefulDefinitions.asn">
      <Filter>asn</Filter>
    </None>
    <None Include="..\..\ISO.ITU.OSI\cpp\src\iso\itu\osi\asn1\asn\ACSE-1.asn">
      <Filter>asn</Filter>
    </None>
    <None Include="..\..\ISO.ITU.OSI\cpp\src\iso\itu\osi\asn1\asn\ISO8823-PRESENTATION.asn">
      <Filter>asn</Filter>
    </None>
    <None Include="..\..\ISO.ITU.OSI\cpp\src\iso\itu\osi\asn1\asn\InformationFramework.asn">
      <Filter>asn</Filter>
    </None>
    <None Include="csn\iso8823_presentation.inl">
      <Filter>csn</Filter>
    </None>
  </ItemGroup>
</Project>