<?xml version="1.0" encoding="utf-8"?>
<Project ToolsVersion="4.0" xmlns="http://schemas.microsoft.com/developer/msbuild/2003">
  <ItemGroup>
    <Filter Include="Source Files">
      <UniqueIdentifier>{0a1a5cca-7e9e-49ae-b64d-de4d31e65f4d}</UniqueIdentifier>
      <Extensions>.cxx</Extensions>
    </Filter>
    <Filter Include="Header Files">
      <UniqueIdentifier>{d41c7d0d-403c-4de1-a30a-4975ba6d6645}</UniqueIdentifier>
      <Extensions>.h</Extensions>
    </Filter>
  </ItemGroup>
  <ItemGroup>
    <ClCompile Include="asn_grammar.cxx">
      <Filter>Source Files</Filter>
    </ClCompile>
    <ClCompile Include="asn_lex.cxx">
      <Filter>Source Files</Filter>
    </ClCompile>
    <ClCompile Include="asn_ref_grammar.cxx">
      <Filter>Source Files</Filter>
    </ClCompile>
    <ClCompile Include="asn_ref_lex.cxx">
      <Filter>Source Files</Filter>
    </ClCompile>
    <ClCompile Include="getopt.c">
      <Filter>Source Files</Filter>
    </ClCompile>
    <ClCompile Include="main.cxx">
      <Filter>Source Files</Filter>
    </ClCompile>
  </ItemGroup>
  <ItemGroup>
    <ClInclude Include="asn_grammar.h">
      <Filter>Header Files</Filter>
    </ClInclude>
    <ClInclude Include="main.h">
      <Filter>Header Files</Filter>
    </ClInclude>
    <ClInclude Include="unistd.h">
      <Filter>Header Files</Filter>
    </ClInclude>
  </ItemGroup>
  <ItemGroup>
    <CustomBuild Include="asn_grammar.y">
      <Filter>Source Files</Filter>
    </CustomBuild>
    <CustomBuild Include="asn_lex.l">
      <Filter>Source Files</Filter>
    </CustomBuild>
    <CustomBuild Include="asn_ref_grammar.y">
      <Filter>Source Files</Filter>
    </CustomBuild>
    <CustomBuild Include="asn_ref_lex.l">
      <Filter>Source Files</Filter>
    </CustomBuild>
  </ItemGroup>
</Project>