<?xml version="1.0" encoding="utf-8"?>
<Project ToolsVersion="4.0" xmlns="http://schemas.microsoft.com/developer/msbuild/2003">
  <ItemGroup>
    <Filter Include="Source Files">
      <UniqueIdentifier>{a7bc5457-8343-4098-816c-9c8d829af8cd}</UniqueIdentifier>
      <Extensions>cpp;c;cxx;rc;def;r;odl;idl;hpj;bat</Extensions>
    </Filter>
    <Filter Include="Header Files">
      <UniqueIdentifier>{87965335-6716-48b3-932a-7f866de6c6e7}</UniqueIdentifier>
      <Extensions>h;hpp;hxx;hm;inl</Extensions>
    </Filter>
    <Filter Include="Resource Files">
      <UniqueIdentifier>{5317dbdd-a6a0-4552-878f-4c747030c489}</UniqueIdentifier>
      <Extensions>ico;cur;bmp;dlg;rc2;rct;bin;rgs;gif;jpg;jpeg;jpe</Extensions>
    </Filter>
    <Filter Include="csn">
      <UniqueIdentifier>{71202934-fa2a-464a-a79d-1b53a2cd243b}</UniqueIdentifier>
    </Filter>
    <Filter Include="asn">
      <UniqueIdentifier>{4d2f1b7f-4097-4de5-82c9-8418b1f9a2d7}</UniqueIdentifier>
    </Filter>
  </ItemGroup>
  <ItemGroup>
    <ClCompile Include="H323Parser.cpp">
      <Filter>Source Files</Filter>
    </ClCompile>
    <ClCompile Include="perattacher.cpp">
      <Filter>Source Files</Filter>
    </ClCompile>
    <ClCompile Include="Q931pdu.cpp">
      <Filter>Source Files</Filter>
    </ClCompile>
    <ClCompile Include="cxx\h323_messages.cxx">
      <Filter>csn</Filter>
    </ClCompile>
  </ItemGroup>
  <ItemGroup>
    <None Include="H323.def">
      <Filter>Source Files</Filter>
    </None>
    <None Include="cxx\h323_messages.inl">
      <Filter>csn</Filter>
    </None>
  </ItemGroup>
  <ItemGroup>
    <ClInclude Include="perattacher.h">
      <Filter>Header Files</Filter>
    </ClInclude>
    <ClInclude Include="Q931pdu.h">
      <Filter>Header Files</Filter>
    </ClInclude>
    <ClInclude Include="netmon.h">
      <Filter>Header Files</Filter>
    </ClInclude>
    <ClInclude Include="cxx\h323_messages.h">
      <Filter>csn</Filter>
    </ClInclude>
  </ItemGroup>
  <ItemGroup>
    <CustomBuild Include="h2250v4_new.asn">
      <Filter>Source Files</Filter>
    </CustomBuild>
  </ItemGroup>
</Project>