<?xml version="1.0" encoding="utf-8"?>
<Project ToolsVersion="4.0" xmlns="http://schemas.microsoft.com/developer/msbuild/2003">
  <ItemGroup>
    <Filter Include="Source Files">
      <UniqueIdentifier>{abb1f440-f066-49fb-bd4e-a88e4e5c4bb6}</UniqueIdentifier>
      <Extensions>cpp;c;cxx;rc;def;r;odl;idl;hpj;bat</Extensions>
    </Filter>
    <Filter Include="Header Files">
      <UniqueIdentifier>{3c2775b6-ef95-403c-864a-815658ff0399}</UniqueIdentifier>
      <Extensions>h;hpp;hxx;hm;inl</Extensions>
    </Filter>
    <Filter Include="Resource Files">
      <UniqueIdentifier>{fe18d138-1acc-45ea-9817-74f0e96f3f96}</UniqueIdentifier>
      <Extensions>ico;cur;bmp;dlg;rc2;rct;bin;rgs;gif;jpg;jpeg;jpe</Extensions>
    </Filter>
  </ItemGroup>
  <ItemGroup>
    <ClCompile Include="asn1test.cpp">
      <Filter>Source Files</Filter>
    </ClCompile>
    <ClCompile Include="cxx\myhttp.cxx">
      <Filter>Source Files</Filter>
    </ClCompile>
    <ClCompile Include="cxx\test1.cxx">
      <Filter>Source Files</Filter>
    </ClCompile>
  </ItemGroup>
  <ItemGroup>
    <None Include="cxx\myhttp.inl">
      <Filter>Header Files</Filter>
    </None>
    <None Include="cxx\test1.inl">
      <Filter>Header Files</Filter>
    </None>
  </ItemGroup>
  <ItemGroup>
    <ClInclude Include="asn1test.h">
      <Filter>Header Files</Filter>
    </ClInclude>
    <ClInclude Include="cxx\myhttp.h">
      <Filter>Header Files</Filter>
    </ClInclude>
    <ClInclude Include="cxx\test1.h">
      <Filter>Header Files</Filter>
    </ClInclude>
  </ItemGroup>
  <ItemGroup>
    <CustomBuild Include="test.asn">
      <Filter>Source Files</Filter>
    </CustomBuild>
  </ItemGroup>
</Project>